<?xml version="1.0" encoding="UTF-8"?>
<!DOCTYPE plist PUBLIC "-//Apple//DTD PLIST 1.0//EN" "http://www.apple.com/DTDs/PropertyList-1.0.dtd">
<plist version="1.0">
<dict>
	<key>archiveVersion</key>
	<string>1</string>
	<key>classes</key>
	<dict/>
	<key>objectVersion</key>
	<string>46</string>
	<key>objects</key>
	<dict>
		<key>352B93D3AECDC959C7A54591</key>
		<dict>
			<key>explicitFileType</key>
			<string>archive.ar</string>
			<key>includeInIndex</key>
			<string>0</string>
			<key>isa</key>
			<string>PBXFileReference</string>
			<key>path</key>
			<string>libPods-SentryIOS.a</string>
			<key>sourceTree</key>
			<string>BUILT_PRODUCTS_DIR</string>
		</dict>
		<key>379A289E8D2864BFBF556A09</key>
		<dict>
			<key>buildActionMask</key>
			<string>2147483647</string>
			<key>files</key>
			<array/>
			<key>inputPaths</key>
			<array/>
			<key>isa</key>
			<string>PBXShellScriptBuildPhase</string>
			<key>name</key>
			<string>Check Pods Manifest.lock</string>
			<key>outputPaths</key>
			<array/>
			<key>runOnlyForDeploymentPostprocessing</key>
			<string>0</string>
			<key>shellPath</key>
			<string>/bin/sh</string>
			<key>shellScript</key>
			<string>diff "${PODS_ROOT}/../Podfile.lock" "${PODS_ROOT}/Manifest.lock" &gt; /dev/null
if [[ $? != 0 ]] ; then
    cat &lt;&lt; EOM
error: The sandbox is not in sync with the Podfile.lock. Run 'pod install' or update your CocoaPods installation.
EOM
    exit 1
fi
</string>
			<key>showEnvVarsInLog</key>
			<string>0</string>
		</dict>
		<key>4ABC4A52A36BCBDA981B16C3</key>
		<dict>
			<key>fileRef</key>
			<string>5FD6145E36CC2776880356DF</string>
			<key>isa</key>
			<string>PBXBuildFile</string>
		</dict>
		<key>5122B9D7057B086F6ACC7BB2</key>
		<dict>
			<key>includeInIndex</key>
			<string>1</string>
			<key>isa</key>
			<string>PBXFileReference</string>
			<key>lastKnownFileType</key>
			<string>text.xcconfig</string>
			<key>name</key>
			<string>Pods-SentryOSX.debug.xcconfig</string>
			<key>path</key>
			<string>Pods/Target Support Files/Pods-SentryOSX/Pods-SentryOSX.debug.xcconfig</string>
			<key>sourceTree</key>
			<string>&lt;group&gt;</string>
		</dict>
		<key>5552979E80AD15502F0E36EA</key>
		<dict>
			<key>buildActionMask</key>
			<string>2147483647</string>
			<key>files</key>
			<array/>
			<key>inputPaths</key>
			<array/>
			<key>isa</key>
			<string>PBXShellScriptBuildPhase</string>
			<key>name</key>
			<string>Copy Pods Resources</string>
			<key>outputPaths</key>
			<array/>
			<key>runOnlyForDeploymentPostprocessing</key>
			<string>0</string>
			<key>shellPath</key>
			<string>/bin/sh</string>
			<key>shellScript</key>
			<string>"${SRCROOT}/Pods/Target Support Files/Pods-SentryIOS/Pods-SentryIOS-resources.sh"
</string>
			<key>showEnvVarsInLog</key>
			<string>0</string>
		</dict>
		<key>5FD6145E36CC2776880356DF</key>
		<dict>
			<key>explicitFileType</key>
			<string>archive.ar</string>
			<key>includeInIndex</key>
			<string>0</string>
			<key>isa</key>
			<string>PBXFileReference</string>
			<key>path</key>
			<string>libPods-SentryTVOS.a</string>
			<key>sourceTree</key>
			<string>BUILT_PRODUCTS_DIR</string>
		</dict>
		<key>6C392FA6EC9C497138AE1036</key>
		<dict>
			<key>includeInIndex</key>
			<string>1</string>
			<key>isa</key>
			<string>PBXFileReference</string>
			<key>lastKnownFileType</key>
			<string>text.xcconfig</string>
			<key>name</key>
			<string>Pods-SentryOSX.release.xcconfig</string>
			<key>path</key>
			<string>Pods/Target Support Files/Pods-SentryOSX/Pods-SentryOSX.release.xcconfig</string>
			<key>sourceTree</key>
			<string>&lt;group&gt;</string>
		</dict>
		<key>6D99FA681374CD36F332FD42</key>
		<dict>
			<key>buildActionMask</key>
			<string>2147483647</string>
			<key>files</key>
			<array/>
			<key>inputPaths</key>
			<array/>
			<key>isa</key>
			<string>PBXShellScriptBuildPhase</string>
			<key>name</key>
			<string>Copy Pods Resources</string>
			<key>outputPaths</key>
			<array/>
			<key>runOnlyForDeploymentPostprocessing</key>
			<string>0</string>
			<key>shellPath</key>
			<string>/bin/sh</string>
			<key>shellScript</key>
			<string>"${SRCROOT}/Pods/Target Support Files/Pods-SentryTVOS/Pods-SentryTVOS-resources.sh"
</string>
			<key>showEnvVarsInLog</key>
			<string>0</string>
		</dict>
		<key>6DC2DFA594BCC2512F0EC6F0</key>
		<dict>
			<key>includeInIndex</key>
			<string>1</string>
			<key>isa</key>
			<string>PBXFileReference</string>
			<key>lastKnownFileType</key>
			<string>text.xcconfig</string>
			<key>name</key>
			<string>Pods-SentryIOS.debug.xcconfig</string>
			<key>path</key>
			<string>Pods/Target Support Files/Pods-SentryIOS/Pods-SentryIOS.debug.xcconfig</string>
			<key>sourceTree</key>
			<string>&lt;group&gt;</string>
		</dict>
		<key>7588C6E9BAC4B0DEE2411335</key>
		<dict>
			<key>explicitFileType</key>
			<string>archive.ar</string>
			<key>includeInIndex</key>
			<string>0</string>
			<key>isa</key>
			<string>PBXFileReference</string>
			<key>path</key>
			<string>libPods-SentryOSX.a</string>
			<key>sourceTree</key>
			<string>BUILT_PRODUCTS_DIR</string>
		</dict>
		<key>7FA2268C041FB4828F7FFCD5</key>
		<dict>
			<key>includeInIndex</key>
			<string>1</string>
			<key>isa</key>
			<string>PBXFileReference</string>
			<key>lastKnownFileType</key>
			<string>text.xcconfig</string>
			<key>name</key>
			<string>Pods-SentryTVOS.release.xcconfig</string>
			<key>path</key>
			<string>Pods/Target Support Files/Pods-SentryTVOS/Pods-SentryTVOS.release.xcconfig</string>
			<key>sourceTree</key>
			<string>&lt;group&gt;</string>
		</dict>
		<key>9E595B4E7021A7C1EDCB57D8</key>
		<dict>
			<key>includeInIndex</key>
			<string>1</string>
			<key>isa</key>
			<string>PBXFileReference</string>
			<key>lastKnownFileType</key>
			<string>text.xcconfig</string>
			<key>name</key>
			<string>Pods-SentryTVOS.debug.xcconfig</string>
			<key>path</key>
			<string>Pods/Target Support Files/Pods-SentryTVOS/Pods-SentryTVOS.debug.xcconfig</string>
			<key>sourceTree</key>
			<string>&lt;group&gt;</string>
		</dict>
		<key>AEA9D06A72DDB89E768375EE</key>
		<dict>
			<key>buildActionMask</key>
			<string>2147483647</string>
			<key>files</key>
			<array/>
			<key>inputPaths</key>
			<array/>
			<key>isa</key>
			<string>PBXShellScriptBuildPhase</string>
			<key>name</key>
			<string>Copy Pods Resources</string>
			<key>outputPaths</key>
			<array/>
			<key>runOnlyForDeploymentPostprocessing</key>
			<string>0</string>
			<key>shellPath</key>
			<string>/bin/sh</string>
			<key>shellScript</key>
			<string>"${SRCROOT}/Pods/Target Support Files/Pods-SentryOSX/Pods-SentryOSX-resources.sh"
</string>
			<key>showEnvVarsInLog</key>
			<string>0</string>
		</dict>
		<key>B5E65D793B199A4A95CA78AE</key>
		<dict>
			<key>fileRef</key>
			<string>352B93D3AECDC959C7A54591</string>
			<key>isa</key>
			<string>PBXBuildFile</string>
		</dict>
		<key>B8DD5E16DE26D07188C44A0D</key>
		<dict>
			<key>fileRef</key>
			<string>7588C6E9BAC4B0DEE2411335</string>
			<key>isa</key>
			<string>PBXBuildFile</string>
		</dict>
		<key>C5EFB209A79FA00B4A00278C</key>
		<dict>
			<key>buildActionMask</key>
			<string>2147483647</string>
			<key>files</key>
			<array/>
			<key>inputPaths</key>
			<array/>
			<key>isa</key>
			<string>PBXShellScriptBuildPhase</string>
			<key>name</key>
			<string>Check Pods Manifest.lock</string>
			<key>outputPaths</key>
			<array/>
			<key>runOnlyForDeploymentPostprocessing</key>
			<string>0</string>
			<key>shellPath</key>
			<string>/bin/sh</string>
			<key>shellScript</key>
			<string>diff "${PODS_ROOT}/../Podfile.lock" "${PODS_ROOT}/Manifest.lock" &gt; /dev/null
if [[ $? != 0 ]] ; then
    cat &lt;&lt; EOM
error: The sandbox is not in sync with the Podfile.lock. Run 'pod install' or update your CocoaPods installation.
EOM
    exit 1
fi
</string>
			<key>showEnvVarsInLog</key>
			<string>0</string>
		</dict>
		<key>CB93E00E1CBD6EAA008EF094</key>
		<dict>
			<key>children</key>
			<array>
				<string>CB93E04A1CBD6F50008EF094</string>
				<string>CB93E0291CBD6ECB008EF094</string>
				<string>CB93E0361CBD6ED7008EF094</string>
				<string>CB93E0431CBD6EE4008EF094</string>
				<string>CB93E0191CBD6EAA008EF094</string>
				<string>CE4AA77BD3E93508D4D97764</string>
				<string>FF11A6A9908EB1A8DC3CE6B0</string>
			</array>
			<key>isa</key>
			<string>PBXGroup</string>
			<key>sourceTree</key>
			<string>&lt;group&gt;</string>
		</dict>
		<key>CB93E00F1CBD6EAA008EF094</key>
		<dict>
			<key>attributes</key>
			<dict>
				<key>LastUpgradeCheck</key>
				<string>0730</string>
				<key>ORGANIZATIONNAME</key>
				<string>Karl Stenerud</string>
				<key>TargetAttributes</key>
				<dict>
					<key>CB93E0271CBD6ECB008EF094</key>
					<dict>
						<key>CreatedOnToolsVersion</key>
						<string>7.3</string>
					</dict>
					<key>CB93E0341CBD6ED7008EF094</key>
					<dict>
						<key>CreatedOnToolsVersion</key>
						<string>7.3</string>
					</dict>
					<key>CB93E0411CBD6EE4008EF094</key>
					<dict>
						<key>CreatedOnToolsVersion</key>
						<string>7.3</string>
					</dict>
				</dict>
			</dict>
			<key>buildConfigurationList</key>
			<string>CB93E0121CBD6EAA008EF094</string>
			<key>compatibilityVersion</key>
			<string>Xcode 3.2</string>
			<key>developmentRegion</key>
			<string>English</string>
			<key>hasScannedForEncodings</key>
			<string>0</string>
			<key>isa</key>
			<string>PBXProject</string>
			<key>knownRegions</key>
			<array>
				<string>en</string>
			</array>
			<key>mainGroup</key>
			<string>CB93E00E1CBD6EAA008EF094</string>
			<key>productRefGroup</key>
			<string>CB93E0191CBD6EAA008EF094</string>
			<key>projectDirPath</key>
			<string></string>
			<key>projectReferences</key>
			<array/>
			<key>projectRoot</key>
			<string></string>
			<key>targets</key>
			<array>
				<string>CB93E0271CBD6ECB008EF094</string>
				<string>CB93E0341CBD6ED7008EF094</string>
				<string>CB93E0411CBD6EE4008EF094</string>
			</array>
		</dict>
		<key>CB93E0121CBD6EAA008EF094</key>
		<dict>
			<key>buildConfigurations</key>
			<array>
				<string>CB93E01E1CBD6EAA008EF094</string>
				<string>CB93E01F1CBD6EAA008EF094</string>
			</array>
			<key>defaultConfigurationIsVisible</key>
			<string>0</string>
			<key>defaultConfigurationName</key>
			<string>Release</string>
			<key>isa</key>
			<string>XCConfigurationList</string>
		</dict>
		<key>CB93E0191CBD6EAA008EF094</key>
		<dict>
			<key>children</key>
			<array>
				<string>CB93E0281CBD6ECB008EF094</string>
				<string>CB93E0351CBD6ED7008EF094</string>
				<string>CB93E0421CBD6EE4008EF094</string>
			</array>
			<key>isa</key>
			<string>PBXGroup</string>
			<key>name</key>
			<string>Products</string>
			<key>sourceTree</key>
			<string>&lt;group&gt;</string>
		</dict>
		<key>CB93E01E1CBD6EAA008EF094</key>
		<dict>
			<key>buildSettings</key>
			<dict>
				<key>ALWAYS_SEARCH_USER_PATHS</key>
				<string>NO</string>
				<key>CLANG_ANALYZER_NONNULL</key>
				<string>YES</string>
				<key>CLANG_CXX_LANGUAGE_STANDARD</key>
				<string>gnu++0x</string>
				<key>CLANG_CXX_LIBRARY</key>
				<string>libc++</string>
				<key>CLANG_ENABLE_MODULES</key>
				<string>YES</string>
				<key>CLANG_ENABLE_OBJC_ARC</key>
				<string>YES</string>
				<key>CLANG_WARN_BOOL_CONVERSION</key>
				<string>YES</string>
				<key>CLANG_WARN_CONSTANT_CONVERSION</key>
				<string>YES</string>
				<key>CLANG_WARN_DIRECT_OBJC_ISA_USAGE</key>
				<string>YES_ERROR</string>
				<key>CLANG_WARN_EMPTY_BODY</key>
				<string>YES</string>
				<key>CLANG_WARN_ENUM_CONVERSION</key>
				<string>YES</string>
				<key>CLANG_WARN_INT_CONVERSION</key>
				<string>YES</string>
				<key>CLANG_WARN_OBJC_ROOT_CLASS</key>
				<string>YES_ERROR</string>
				<key>CLANG_WARN_UNREACHABLE_CODE</key>
				<string>YES</string>
				<key>CLANG_WARN__DUPLICATE_METHOD_MATCH</key>
				<string>YES</string>
				<key>CODE_SIGN_IDENTITY[sdk=iphoneos*]</key>
				<string>iPhone Developer</string>
				<key>COPY_PHASE_STRIP</key>
				<string>NO</string>
				<key>CURRENT_PROJECT_VERSION</key>
				<string>1</string>
				<key>DEBUG_INFORMATION_FORMAT</key>
				<string>dwarf</string>
				<key>ENABLE_STRICT_OBJC_MSGSEND</key>
				<string>YES</string>
				<key>ENABLE_TESTABILITY</key>
				<string>YES</string>
				<key>GCC_C_LANGUAGE_STANDARD</key>
				<string>gnu99</string>
				<key>GCC_DYNAMIC_NO_PIC</key>
				<string>NO</string>
				<key>GCC_NO_COMMON_BLOCKS</key>
				<string>YES</string>
				<key>GCC_OPTIMIZATION_LEVEL</key>
				<string>0</string>
				<key>GCC_PREPROCESSOR_DEFINITIONS</key>
				<array>
					<string>DEBUG=1</string>
					<string>$(inherited)</string>
				</array>
				<key>GCC_WARN_64_TO_32_BIT_CONVERSION</key>
				<string>YES</string>
				<key>GCC_WARN_ABOUT_RETURN_TYPE</key>
				<string>YES_ERROR</string>
				<key>GCC_WARN_UNDECLARED_SELECTOR</key>
				<string>YES</string>
				<key>GCC_WARN_UNINITIALIZED_AUTOS</key>
				<string>YES_AGGRESSIVE</string>
				<key>GCC_WARN_UNUSED_FUNCTION</key>
				<string>YES</string>
				<key>GCC_WARN_UNUSED_VARIABLE</key>
				<string>YES</string>
				<key>IPHONEOS_DEPLOYMENT_TARGET</key>
				<string>9.3</string>
				<key>MTL_ENABLE_DEBUG_INFO</key>
				<string>YES</string>
				<key>ONLY_ACTIVE_ARCH</key>
				<string>YES</string>
				<key>SDKROOT</key>
				<string>iphoneos</string>
				<key>TARGETED_DEVICE_FAMILY</key>
				<string>1,2</string>
				<key>VERSIONING_SYSTEM</key>
				<string>apple-generic</string>
				<key>VERSION_INFO_PREFIX</key>
				<string></string>
			</dict>
			<key>isa</key>
			<string>XCBuildConfiguration</string>
			<key>name</key>
			<string>Debug</string>
		</dict>
		<key>CB93E01F1CBD6EAA008EF094</key>
		<dict>
			<key>buildSettings</key>
			<dict>
				<key>ALWAYS_SEARCH_USER_PATHS</key>
				<string>NO</string>
				<key>CLANG_ANALYZER_NONNULL</key>
				<string>YES</string>
				<key>CLANG_CXX_LANGUAGE_STANDARD</key>
				<string>gnu++0x</string>
				<key>CLANG_CXX_LIBRARY</key>
				<string>libc++</string>
				<key>CLANG_ENABLE_MODULES</key>
				<string>YES</string>
				<key>CLANG_ENABLE_OBJC_ARC</key>
				<string>YES</string>
				<key>CLANG_WARN_BOOL_CONVERSION</key>
				<string>YES</string>
				<key>CLANG_WARN_CONSTANT_CONVERSION</key>
				<string>YES</string>
				<key>CLANG_WARN_DIRECT_OBJC_ISA_USAGE</key>
				<string>YES_ERROR</string>
				<key>CLANG_WARN_EMPTY_BODY</key>
				<string>YES</string>
				<key>CLANG_WARN_ENUM_CONVERSION</key>
				<string>YES</string>
				<key>CLANG_WARN_INT_CONVERSION</key>
				<string>YES</string>
				<key>CLANG_WARN_OBJC_ROOT_CLASS</key>
				<string>YES_ERROR</string>
				<key>CLANG_WARN_UNREACHABLE_CODE</key>
				<string>YES</string>
				<key>CLANG_WARN__DUPLICATE_METHOD_MATCH</key>
				<string>YES</string>
				<key>CODE_SIGN_IDENTITY[sdk=iphoneos*]</key>
				<string>iPhone Developer</string>
				<key>COPY_PHASE_STRIP</key>
				<string>NO</string>
				<key>CURRENT_PROJECT_VERSION</key>
				<string>1</string>
				<key>DEBUG_INFORMATION_FORMAT</key>
				<string>dwarf-with-dsym</string>
				<key>ENABLE_NS_ASSERTIONS</key>
				<string>NO</string>
				<key>ENABLE_STRICT_OBJC_MSGSEND</key>
				<string>YES</string>
				<key>GCC_C_LANGUAGE_STANDARD</key>
				<string>gnu99</string>
				<key>GCC_NO_COMMON_BLOCKS</key>
				<string>YES</string>
				<key>GCC_WARN_64_TO_32_BIT_CONVERSION</key>
				<string>YES</string>
				<key>GCC_WARN_ABOUT_RETURN_TYPE</key>
				<string>YES_ERROR</string>
				<key>GCC_WARN_UNDECLARED_SELECTOR</key>
				<string>YES</string>
				<key>GCC_WARN_UNINITIALIZED_AUTOS</key>
				<string>YES_AGGRESSIVE</string>
				<key>GCC_WARN_UNUSED_FUNCTION</key>
				<string>YES</string>
				<key>GCC_WARN_UNUSED_VARIABLE</key>
				<string>YES</string>
				<key>IPHONEOS_DEPLOYMENT_TARGET</key>
				<string>9.3</string>
				<key>MTL_ENABLE_DEBUG_INFO</key>
				<string>NO</string>
				<key>SDKROOT</key>
				<string>iphoneos</string>
				<key>TARGETED_DEVICE_FAMILY</key>
				<string>1,2</string>
				<key>VALIDATE_PRODUCT</key>
				<string>YES</string>
				<key>VERSIONING_SYSTEM</key>
				<string>apple-generic</string>
				<key>VERSION_INFO_PREFIX</key>
				<string></string>
			</dict>
			<key>isa</key>
			<string>XCBuildConfiguration</string>
			<key>name</key>
			<string>Release</string>
		</dict>
		<key>CB93E0231CBD6ECB008EF094</key>
		<dict>
			<key>buildActionMask</key>
			<string>2147483647</string>
			<key>files</key>
			<array>
				<string>CB93E0681CBD6F50008EF094</string>
				<string>CB93E0561CBD6F50008EF094</string>
				<string>CB93E0621CBD6F50008EF094</string>
				<string>CB93E05C1CBD6F50008EF094</string>
			</array>
			<key>isa</key>
			<string>PBXSourcesBuildPhase</string>
			<key>runOnlyForDeploymentPostprocessing</key>
			<string>0</string>
		</dict>
		<key>CB93E0241CBD6ECB008EF094</key>
		<dict>
			<key>buildActionMask</key>
			<string>2147483647</string>
			<key>files</key>
			<array>
				<string>B5E65D793B199A4A95CA78AE</string>
			</array>
			<key>isa</key>
			<string>PBXFrameworksBuildPhase</string>
			<key>runOnlyForDeploymentPostprocessing</key>
			<string>0</string>
		</dict>
		<key>CB93E0251CBD6ECB008EF094</key>
		<dict>
			<key>buildActionMask</key>
			<string>2147483647</string>
			<key>files</key>
			<array>
				<string>CB93E0651CBD6F50008EF094</string>
				<string>CB93E02B1CBD6ECB008EF094</string>
				<string>CB93E0591CBD6F50008EF094</string>
				<string>CB93E0531CBD6F50008EF094</string>
				<string>CB93E05F1CBD6F50008EF094</string>
			</array>
			<key>isa</key>
			<string>PBXHeadersBuildPhase</string>
			<key>runOnlyForDeploymentPostprocessing</key>
			<string>0</string>
		</dict>
		<key>CB93E0261CBD6ECB008EF094</key>
		<dict>
			<key>buildActionMask</key>
			<string>2147483647</string>
			<key>files</key>
			<array/>
			<key>isa</key>
			<string>PBXResourcesBuildPhase</string>
			<key>runOnlyForDeploymentPostprocessing</key>
			<string>0</string>
		</dict>
		<key>CB93E0271CBD6ECB008EF094</key>
		<dict>
			<key>buildConfigurationList</key>
			<string>CB93E02D1CBD6ECB008EF094</string>
			<key>buildPhases</key>
			<array>
				<string>C5EFB209A79FA00B4A00278C</string>
				<string>CB93E0231CBD6ECB008EF094</string>
				<string>CB93E0241CBD6ECB008EF094</string>
				<string>CB93E0251CBD6ECB008EF094</string>
				<string>CB93E0261CBD6ECB008EF094</string>
				<string>5552979E80AD15502F0E36EA</string>
			</array>
			<key>buildRules</key>
			<array/>
			<key>dependencies</key>
			<array/>
			<key>isa</key>
			<string>PBXNativeTarget</string>
			<key>name</key>
			<string>SentryIOS</string>
			<key>productName</key>
			<string>SentryIOS</string>
			<key>productReference</key>
			<string>CB93E0281CBD6ECB008EF094</string>
			<key>productType</key>
			<string>com.apple.product-type.framework</string>
		</dict>
		<key>CB93E0281CBD6ECB008EF094</key>
		<dict>
			<key>explicitFileType</key>
			<string>wrapper.framework</string>
			<key>includeInIndex</key>
			<string>0</string>
			<key>isa</key>
			<string>PBXFileReference</string>
			<key>path</key>
			<string>SentryIOS.framework</string>
			<key>sourceTree</key>
			<string>BUILT_PRODUCTS_DIR</string>
		</dict>
		<key>CB93E0291CBD6ECB008EF094</key>
		<dict>
			<key>children</key>
			<array>
				<string>CB93E02A1CBD6ECB008EF094</string>
				<string>CB93E02C1CBD6ECB008EF094</string>
			</array>
			<key>isa</key>
			<string>PBXGroup</string>
			<key>path</key>
			<string>SentryIOS</string>
			<key>sourceTree</key>
			<string>&lt;group&gt;</string>
		</dict>
		<key>CB93E02A1CBD6ECB008EF094</key>
		<dict>
			<key>isa</key>
			<string>PBXFileReference</string>
			<key>lastKnownFileType</key>
			<string>sourcecode.c.h</string>
			<key>path</key>
			<string>SentryIOS.h</string>
			<key>sourceTree</key>
			<string>&lt;group&gt;</string>
		</dict>
		<key>CB93E02B1CBD6ECB008EF094</key>
		<dict>
			<key>fileRef</key>
			<string>CB93E02A1CBD6ECB008EF094</string>
			<key>isa</key>
			<string>PBXBuildFile</string>
			<key>settings</key>
			<dict>
				<key>ATTRIBUTES</key>
				<array>
					<string>Public</string>
				</array>
			</dict>
		</dict>
		<key>CB93E02C1CBD6ECB008EF094</key>
		<dict>
			<key>isa</key>
			<string>PBXFileReference</string>
			<key>lastKnownFileType</key>
			<string>text.plist.xml</string>
			<key>path</key>
			<string>Info.plist</string>
			<key>sourceTree</key>
			<string>&lt;group&gt;</string>
		</dict>
		<key>CB93E02D1CBD6ECB008EF094</key>
		<dict>
			<key>buildConfigurations</key>
			<array>
				<string>CB93E02E1CBD6ECB008EF094</string>
				<string>CB93E02F1CBD6ECB008EF094</string>
			</array>
			<key>defaultConfigurationIsVisible</key>
			<string>0</string>
			<key>defaultConfigurationName</key>
			<string>Release</string>
			<key>isa</key>
			<string>XCConfigurationList</string>
		</dict>
		<key>CB93E02E1CBD6ECB008EF094</key>
		<dict>
			<key>baseConfigurationReference</key>
			<string>6DC2DFA594BCC2512F0EC6F0</string>
			<key>buildSettings</key>
			<dict>
				<key>DEFINES_MODULE</key>
				<string>YES</string>
				<key>DYLIB_COMPATIBILITY_VERSION</key>
				<string>1</string>
				<key>DYLIB_CURRENT_VERSION</key>
				<string>1</string>
				<key>DYLIB_INSTALL_NAME_BASE</key>
				<string>@rpath</string>
				<key>INFOPLIST_FILE</key>
				<string>SentryIOS/Info.plist</string>
				<key>INSTALL_PATH</key>
				<string>$(LOCAL_LIBRARY_DIR)/Frameworks</string>
				<key>LD_RUNPATH_SEARCH_PATHS</key>
				<string>$(inherited) @executable_path/Frameworks @loader_path/Frameworks</string>
				<key>PRODUCT_BUNDLE_IDENTIFIER</key>
				<string>org.stenerud.SentryIOS</string>
				<key>PRODUCT_NAME</key>
				<string>$(TARGET_NAME)</string>
				<key>SKIP_INSTALL</key>
				<string>YES</string>
			</dict>
			<key>isa</key>
			<string>XCBuildConfiguration</string>
			<key>name</key>
			<string>Debug</string>
		</dict>
		<key>CB93E02F1CBD6ECB008EF094</key>
		<dict>
			<key>baseConfigurationReference</key>
			<string>CE06E1775F416D307E5DEECA</string>
			<key>buildSettings</key>
			<dict>
				<key>DEFINES_MODULE</key>
				<string>YES</string>
				<key>DYLIB_COMPATIBILITY_VERSION</key>
				<string>1</string>
				<key>DYLIB_CURRENT_VERSION</key>
				<string>1</string>
				<key>DYLIB_INSTALL_NAME_BASE</key>
				<string>@rpath</string>
				<key>INFOPLIST_FILE</key>
				<string>SentryIOS/Info.plist</string>
				<key>INSTALL_PATH</key>
				<string>$(LOCAL_LIBRARY_DIR)/Frameworks</string>
				<key>LD_RUNPATH_SEARCH_PATHS</key>
				<string>$(inherited) @executable_path/Frameworks @loader_path/Frameworks</string>
				<key>PRODUCT_BUNDLE_IDENTIFIER</key>
				<string>org.stenerud.SentryIOS</string>
				<key>PRODUCT_NAME</key>
				<string>$(TARGET_NAME)</string>
				<key>SKIP_INSTALL</key>
				<string>YES</string>
			</dict>
			<key>isa</key>
			<string>XCBuildConfiguration</string>
			<key>name</key>
			<string>Release</string>
		</dict>
		<key>CB93E0301CBD6ED7008EF094</key>
		<dict>
			<key>buildActionMask</key>
			<string>2147483647</string>
			<key>files</key>
			<array>
				<string>CB93E0691CBD6F50008EF094</string>
				<string>CB93E0571CBD6F50008EF094</string>
				<string>CB93E0631CBD6F50008EF094</string>
				<string>CB93E05D1CBD6F50008EF094</string>
			</array>
			<key>isa</key>
			<string>PBXSourcesBuildPhase</string>
			<key>runOnlyForDeploymentPostprocessing</key>
			<string>0</string>
		</dict>
		<key>CB93E0311CBD6ED7008EF094</key>
		<dict>
			<key>buildActionMask</key>
			<string>2147483647</string>
			<key>files</key>
			<array>
				<string>B8DD5E16DE26D07188C44A0D</string>
			</array>
			<key>isa</key>
			<string>PBXFrameworksBuildPhase</string>
			<key>runOnlyForDeploymentPostprocessing</key>
			<string>0</string>
		</dict>
		<key>CB93E0321CBD6ED7008EF094</key>
		<dict>
			<key>buildActionMask</key>
			<string>2147483647</string>
			<key>files</key>
			<array>
				<string>CB93E0661CBD6F50008EF094</string>
				<string>CB93E0381CBD6ED7008EF094</string>
				<string>CB93E05A1CBD6F50008EF094</string>
				<string>CB93E0541CBD6F50008EF094</string>
				<string>CB93E0601CBD6F50008EF094</string>
			</array>
			<key>isa</key>
			<string>PBXHeadersBuildPhase</string>
			<key>runOnlyForDeploymentPostprocessing</key>
			<string>0</string>
		</dict>
		<key>CB93E0331CBD6ED7008EF094</key>
		<dict>
			<key>buildActionMask</key>
			<string>2147483647</string>
			<key>files</key>
			<array/>
			<key>isa</key>
			<string>PBXResourcesBuildPhase</string>
			<key>runOnlyForDeploymentPostprocessing</key>
			<string>0</string>
		</dict>
		<key>CB93E0341CBD6ED7008EF094</key>
		<dict>
			<key>buildConfigurationList</key>
			<string>CB93E03A1CBD6ED7008EF094</string>
			<key>buildPhases</key>
			<array>
				<string>F541F19DB41D31FBCE48B269</string>
				<string>CB93E0301CBD6ED7008EF094</string>
				<string>CB93E0311CBD6ED7008EF094</string>
				<string>CB93E0321CBD6ED7008EF094</string>
				<string>CB93E0331CBD6ED7008EF094</string>
				<string>AEA9D06A72DDB89E768375EE</string>
			</array>
			<key>buildRules</key>
			<array/>
			<key>dependencies</key>
			<array/>
			<key>isa</key>
			<string>PBXNativeTarget</string>
			<key>name</key>
			<string>SentryOSX</string>
			<key>productName</key>
			<string>SentryOSX</string>
			<key>productReference</key>
			<string>CB93E0351CBD6ED7008EF094</string>
			<key>productType</key>
			<string>com.apple.product-type.framework</string>
		</dict>
		<key>CB93E0351CBD6ED7008EF094</key>
		<dict>
			<key>explicitFileType</key>
			<string>wrapper.framework</string>
			<key>includeInIndex</key>
			<string>0</string>
			<key>isa</key>
			<string>PBXFileReference</string>
			<key>path</key>
			<string>SentryOSX.framework</string>
			<key>sourceTree</key>
			<string>BUILT_PRODUCTS_DIR</string>
		</dict>
		<key>CB93E0361CBD6ED7008EF094</key>
		<dict>
			<key>children</key>
			<array>
				<string>CB93E0371CBD6ED7008EF094</string>
				<string>CB93E0391CBD6ED7008EF094</string>
			</array>
			<key>isa</key>
			<string>PBXGroup</string>
			<key>path</key>
			<string>SentryOSX</string>
			<key>sourceTree</key>
			<string>&lt;group&gt;</string>
		</dict>
		<key>CB93E0371CBD6ED7008EF094</key>
		<dict>
			<key>isa</key>
			<string>PBXFileReference</string>
			<key>lastKnownFileType</key>
			<string>sourcecode.c.h</string>
			<key>path</key>
			<string>SentryOSX.h</string>
			<key>sourceTree</key>
			<string>&lt;group&gt;</string>
		</dict>
		<key>CB93E0381CBD6ED7008EF094</key>
		<dict>
			<key>fileRef</key>
			<string>CB93E0371CBD6ED7008EF094</string>
			<key>isa</key>
			<string>PBXBuildFile</string>
			<key>settings</key>
			<dict>
				<key>ATTRIBUTES</key>
				<array>
					<string>Public</string>
				</array>
			</dict>
		</dict>
		<key>CB93E0391CBD6ED7008EF094</key>
		<dict>
			<key>isa</key>
			<string>PBXFileReference</string>
			<key>lastKnownFileType</key>
			<string>text.plist.xml</string>
			<key>path</key>
			<string>Info.plist</string>
			<key>sourceTree</key>
			<string>&lt;group&gt;</string>
		</dict>
		<key>CB93E03A1CBD6ED7008EF094</key>
		<dict>
			<key>buildConfigurations</key>
			<array>
				<string>CB93E03B1CBD6ED7008EF094</string>
				<string>CB93E03C1CBD6ED7008EF094</string>
			</array>
			<key>defaultConfigurationIsVisible</key>
			<string>0</string>
			<key>defaultConfigurationName</key>
			<string>Release</string>
			<key>isa</key>
			<string>XCConfigurationList</string>
		</dict>
		<key>CB93E03B1CBD6ED7008EF094</key>
		<dict>
			<key>baseConfigurationReference</key>
			<string>5122B9D7057B086F6ACC7BB2</string>
			<key>buildSettings</key>
			<dict>
				<key>CODE_SIGN_IDENTITY</key>
				<string>-</string>
				<key>COMBINE_HIDPI_IMAGES</key>
				<string>YES</string>
				<key>DEFINES_MODULE</key>
				<string>YES</string>
				<key>DYLIB_COMPATIBILITY_VERSION</key>
				<string>1</string>
				<key>DYLIB_CURRENT_VERSION</key>
				<string>1</string>
				<key>DYLIB_INSTALL_NAME_BASE</key>
				<string>@rpath</string>
				<key>FRAMEWORK_VERSION</key>
				<string>A</string>
				<key>INFOPLIST_FILE</key>
				<string>SentryOSX/Info.plist</string>
				<key>INSTALL_PATH</key>
				<string>$(LOCAL_LIBRARY_DIR)/Frameworks</string>
				<key>LD_RUNPATH_SEARCH_PATHS</key>
				<string>$(inherited) @executable_path/../Frameworks @loader_path/Frameworks</string>
				<key>MACOSX_DEPLOYMENT_TARGET</key>
				<string>10.11</string>
				<key>PRODUCT_BUNDLE_IDENTIFIER</key>
				<string>org.stenerud.SentryOSX</string>
				<key>PRODUCT_NAME</key>
				<string>$(TARGET_NAME)</string>
				<key>SDKROOT</key>
				<string>macosx</string>
				<key>SKIP_INSTALL</key>
				<string>YES</string>
			</dict>
			<key>isa</key>
			<string>XCBuildConfiguration</string>
			<key>name</key>
			<string>Debug</string>
		</dict>
		<key>CB93E03C1CBD6ED7008EF094</key>
		<dict>
			<key>baseConfigurationReference</key>
			<string>6C392FA6EC9C497138AE1036</string>
			<key>buildSettings</key>
			<dict>
				<key>CODE_SIGN_IDENTITY</key>
				<string>-</string>
				<key>COMBINE_HIDPI_IMAGES</key>
				<string>YES</string>
				<key>DEFINES_MODULE</key>
				<string>YES</string>
				<key>DYLIB_COMPATIBILITY_VERSION</key>
				<string>1</string>
				<key>DYLIB_CURRENT_VERSION</key>
				<string>1</string>
				<key>DYLIB_INSTALL_NAME_BASE</key>
				<string>@rpath</string>
				<key>FRAMEWORK_VERSION</key>
				<string>A</string>
				<key>INFOPLIST_FILE</key>
				<string>SentryOSX/Info.plist</string>
				<key>INSTALL_PATH</key>
				<string>$(LOCAL_LIBRARY_DIR)/Frameworks</string>
				<key>LD_RUNPATH_SEARCH_PATHS</key>
				<string>$(inherited) @executable_path/../Frameworks @loader_path/Frameworks</string>
				<key>MACOSX_DEPLOYMENT_TARGET</key>
				<string>10.11</string>
				<key>PRODUCT_BUNDLE_IDENTIFIER</key>
				<string>org.stenerud.SentryOSX</string>
				<key>PRODUCT_NAME</key>
				<string>$(TARGET_NAME)</string>
				<key>SDKROOT</key>
				<string>macosx</string>
				<key>SKIP_INSTALL</key>
				<string>YES</string>
			</dict>
			<key>isa</key>
			<string>XCBuildConfiguration</string>
			<key>name</key>
			<string>Release</string>
		</dict>
		<key>CB93E03D1CBD6EE4008EF094</key>
		<dict>
			<key>buildActionMask</key>
			<string>2147483647</string>
			<key>files</key>
			<array>
				<string>CB93E06A1CBD6F50008EF094</string>
				<string>CB93E0581CBD6F50008EF094</string>
				<string>CB93E0641CBD6F50008EF094</string>
				<string>CB93E05E1CBD6F50008EF094</string>
			</array>
			<key>isa</key>
			<string>PBXSourcesBuildPhase</string>
			<key>runOnlyForDeploymentPostprocessing</key>
			<string>0</string>
		</dict>
		<key>CB93E03E1CBD6EE4008EF094</key>
		<dict>
			<key>buildActionMask</key>
			<string>2147483647</string>
			<key>files</key>
			<array>
				<string>4ABC4A52A36BCBDA981B16C3</string>
			</array>
			<key>isa</key>
			<string>PBXFrameworksBuildPhase</string>
			<key>runOnlyForDeploymentPostprocessing</key>
			<string>0</string>
		</dict>
		<key>CB93E03F1CBD6EE4008EF094</key>
		<dict>
			<key>buildActionMask</key>
			<string>2147483647</string>
			<key>files</key>
			<array>
				<string>CB93E0671CBD6F50008EF094</string>
				<string>CB93E0451CBD6EE4008EF094</string>
				<string>CB93E05B1CBD6F50008EF094</string>
				<string>CB93E0551CBD6F50008EF094</string>
				<string>CB93E0611CBD6F50008EF094</string>
			</array>
			<key>isa</key>
			<string>PBXHeadersBuildPhase</string>
			<key>runOnlyForDeploymentPostprocessing</key>
			<string>0</string>
		</dict>
		<key>CB93E0401CBD6EE4008EF094</key>
		<dict>
			<key>buildActionMask</key>
			<string>2147483647</string>
			<key>files</key>
			<array/>
			<key>isa</key>
			<string>PBXResourcesBuildPhase</string>
			<key>runOnlyForDeploymentPostprocessing</key>
			<string>0</string>
		</dict>
		<key>CB93E0411CBD6EE4008EF094</key>
		<dict>
			<key>buildConfigurationList</key>
			<string>CB93E0471CBD6EE4008EF094</string>
			<key>buildPhases</key>
			<array>
				<string>379A289E8D2864BFBF556A09</string>
				<string>CB93E03D1CBD6EE4008EF094</string>
				<string>CB93E03E1CBD6EE4008EF094</string>
				<string>CB93E03F1CBD6EE4008EF094</string>
				<string>CB93E0401CBD6EE4008EF094</string>
				<string>6D99FA681374CD36F332FD42</string>
			</array>
			<key>buildRules</key>
			<array/>
			<key>dependencies</key>
			<array/>
			<key>isa</key>
			<string>PBXNativeTarget</string>
			<key>name</key>
			<string>SentryTVOS</string>
			<key>productName</key>
			<string>SentryTVOS</string>
			<key>productReference</key>
			<string>CB93E0421CBD6EE4008EF094</string>
			<key>productType</key>
			<string>com.apple.product-type.framework</string>
		</dict>
		<key>CB93E0421CBD6EE4008EF094</key>
		<dict>
			<key>explicitFileType</key>
			<string>wrapper.framework</string>
			<key>includeInIndex</key>
			<string>0</string>
			<key>isa</key>
			<string>PBXFileReference</string>
			<key>path</key>
			<string>SentryTVOS.framework</string>
			<key>sourceTree</key>
			<string>BUILT_PRODUCTS_DIR</string>
		</dict>
		<key>CB93E0431CBD6EE4008EF094</key>
		<dict>
			<key>children</key>
			<array>
				<string>CB93E0441CBD6EE4008EF094</string>
				<string>CB93E0461CBD6EE4008EF094</string>
			</array>
			<key>isa</key>
			<string>PBXGroup</string>
			<key>path</key>
			<string>SentryTVOS</string>
			<key>sourceTree</key>
			<string>&lt;group&gt;</string>
		</dict>
		<key>CB93E0441CBD6EE4008EF094</key>
		<dict>
			<key>isa</key>
			<string>PBXFileReference</string>
			<key>lastKnownFileType</key>
			<string>sourcecode.c.h</string>
			<key>path</key>
			<string>SentryTVOS.h</string>
			<key>sourceTree</key>
			<string>&lt;group&gt;</string>
		</dict>
		<key>CB93E0451CBD6EE4008EF094</key>
		<dict>
			<key>fileRef</key>
			<string>CB93E0441CBD6EE4008EF094</string>
			<key>isa</key>
			<string>PBXBuildFile</string>
			<key>settings</key>
			<dict>
				<key>ATTRIBUTES</key>
				<array>
					<string>Public</string>
				</array>
			</dict>
		</dict>
		<key>CB93E0461CBD6EE4008EF094</key>
		<dict>
			<key>isa</key>
			<string>PBXFileReference</string>
			<key>lastKnownFileType</key>
			<string>text.plist.xml</string>
			<key>path</key>
			<string>Info.plist</string>
			<key>sourceTree</key>
			<string>&lt;group&gt;</string>
		</dict>
		<key>CB93E0471CBD6EE4008EF094</key>
		<dict>
			<key>buildConfigurations</key>
			<array>
				<string>CB93E0481CBD6EE4008EF094</string>
				<string>CB93E0491CBD6EE4008EF094</string>
			</array>
			<key>defaultConfigurationIsVisible</key>
			<string>0</string>
			<key>defaultConfigurationName</key>
			<string>Release</string>
			<key>isa</key>
			<string>XCConfigurationList</string>
		</dict>
		<key>CB93E0481CBD6EE4008EF094</key>
		<dict>
			<key>baseConfigurationReference</key>
			<string>9E595B4E7021A7C1EDCB57D8</string>
			<key>buildSettings</key>
			<dict>
				<key>DEFINES_MODULE</key>
				<string>YES</string>
				<key>DYLIB_COMPATIBILITY_VERSION</key>
				<string>1</string>
				<key>DYLIB_CURRENT_VERSION</key>
				<string>1</string>
				<key>DYLIB_INSTALL_NAME_BASE</key>
				<string>@rpath</string>
				<key>INFOPLIST_FILE</key>
				<string>SentryTVOS/Info.plist</string>
				<key>INSTALL_PATH</key>
				<string>$(LOCAL_LIBRARY_DIR)/Frameworks</string>
				<key>LD_RUNPATH_SEARCH_PATHS</key>
				<string>$(inherited) @executable_path/Frameworks @loader_path/Frameworks</string>
				<key>PRODUCT_BUNDLE_IDENTIFIER</key>
				<string>org.stenerud.SentryTVOS</string>
				<key>PRODUCT_NAME</key>
				<string>$(TARGET_NAME)</string>
				<key>SDKROOT</key>
				<string>appletvos</string>
				<key>SKIP_INSTALL</key>
				<string>YES</string>
				<key>TARGETED_DEVICE_FAMILY</key>
				<string>3</string>
				<key>TVOS_DEPLOYMENT_TARGET</key>
				<string>9.2</string>
			</dict>
			<key>isa</key>
			<string>XCBuildConfiguration</string>
			<key>name</key>
			<string>Debug</string>
		</dict>
		<key>CB93E0491CBD6EE4008EF094</key>
		<dict>
			<key>baseConfigurationReference</key>
			<string>7FA2268C041FB4828F7FFCD5</string>
			<key>buildSettings</key>
			<dict>
				<key>DEFINES_MODULE</key>
				<string>YES</string>
				<key>DYLIB_COMPATIBILITY_VERSION</key>
				<string>1</string>
				<key>DYLIB_CURRENT_VERSION</key>
				<string>1</string>
				<key>DYLIB_INSTALL_NAME_BASE</key>
				<string>@rpath</string>
				<key>INFOPLIST_FILE</key>
				<string>SentryTVOS/Info.plist</string>
				<key>INSTALL_PATH</key>
				<string>$(LOCAL_LIBRARY_DIR)/Frameworks</string>
				<key>LD_RUNPATH_SEARCH_PATHS</key>
				<string>$(inherited) @executable_path/Frameworks @loader_path/Frameworks</string>
				<key>PRODUCT_BUNDLE_IDENTIFIER</key>
				<string>org.stenerud.SentryTVOS</string>
				<key>PRODUCT_NAME</key>
				<string>$(TARGET_NAME)</string>
				<key>SDKROOT</key>
				<string>appletvos</string>
				<key>SKIP_INSTALL</key>
				<string>YES</string>
				<key>TARGETED_DEVICE_FAMILY</key>
				<string>3</string>
				<key>TVOS_DEPLOYMENT_TARGET</key>
				<string>9.2</string>
			</dict>
			<key>isa</key>
			<string>XCBuildConfiguration</string>
			<key>name</key>
			<string>Release</string>
		</dict>
		<key>CB93E04A1CBD6F50008EF094</key>
		<dict>
			<key>children</key>
			<array>
				<string>CB93E04B1CBD6F50008EF094</string>
				<string>CB93E04C1CBD6F50008EF094</string>
				<string>CB93E04D1CBD6F50008EF094</string>
				<string>CB93E04E1CBD6F50008EF094</string>
				<string>CB93E04F1CBD6F50008EF094</string>
				<string>CB93E0501CBD6F50008EF094</string>
				<string>CB93E0511CBD6F50008EF094</string>
				<string>CB93E0521CBD6F50008EF094</string>
			</array>
			<key>isa</key>
			<string>PBXGroup</string>
			<key>path</key>
			<string>Source</string>
			<key>sourceTree</key>
			<string>&lt;group&gt;</string>
		</dict>
		<key>CB93E04B1CBD6F50008EF094</key>
		<dict>
			<key>fileEncoding</key>
			<string>4</string>
			<key>isa</key>
			<string>PBXFileReference</string>
			<key>lastKnownFileType</key>
			<string>sourcecode.c.h</string>
			<key>path</key>
			<string>KSCrashInstallationSentry.h</string>
			<key>sourceTree</key>
			<string>&lt;group&gt;</string>
		</dict>
		<key>CB93E04C1CBD6F50008EF094</key>
		<dict>
			<key>fileEncoding</key>
			<string>4</string>
			<key>isa</key>
			<string>PBXFileReference</string>
			<key>lastKnownFileType</key>
			<string>sourcecode.c.objc</string>
			<key>path</key>
			<string>KSCrashInstallationSentry.m</string>
			<key>sourceTree</key>
			<string>&lt;group&gt;</string>
		</dict>
		<key>CB93E04D1CBD6F50008EF094</key>
		<dict>
			<key>fileEncoding</key>
			<string>4</string>
			<key>isa</key>
			<string>PBXFileReference</string>
			<key>lastKnownFileType</key>
			<string>sourcecode.c.h</string>
			<key>path</key>
			<string>KSCrashReportSinkSentry.h</string>
			<key>sourceTree</key>
			<string>&lt;group&gt;</string>
		</dict>
		<key>CB93E04E1CBD6F50008EF094</key>
		<dict>
			<key>fileEncoding</key>
			<string>4</string>
			<key>isa</key>
			<string>PBXFileReference</string>
			<key>lastKnownFileType</key>
			<string>sourcecode.c.objc</string>
			<key>path</key>
			<string>KSCrashReportSinkSentry.m</string>
			<key>sourceTree</key>
			<string>&lt;group&gt;</string>
		</dict>
		<key>CB93E04F1CBD6F50008EF094</key>
		<dict>
			<key>fileEncoding</key>
			<string>4</string>
			<key>isa</key>
			<string>PBXFileReference</string>
			<key>lastKnownFileType</key>
			<string>sourcecode.c.h</string>
			<key>path</key>
			<string>Sentry.h</string>
			<key>sourceTree</key>
			<string>&lt;group&gt;</string>
		</dict>
		<key>CB93E0501CBD6F50008EF094</key>
		<dict>
			<key>fileEncoding</key>
			<string>4</string>
			<key>isa</key>
			<string>PBXFileReference</string>
			<key>lastKnownFileType</key>
			<string>sourcecode.c.objc</string>
			<key>path</key>
			<string>Sentry.m</string>
			<key>sourceTree</key>
			<string>&lt;group&gt;</string>
		</dict>
		<key>CB93E0511CBD6F50008EF094</key>
		<dict>
			<key>fileEncoding</key>
			<string>4</string>
			<key>isa</key>
			<string>PBXFileReference</string>
			<key>lastKnownFileType</key>
			<string>sourcecode.c.h</string>
			<key>path</key>
			<string>SentryRequest.h</string>
			<key>sourceTree</key>
			<string>&lt;group&gt;</string>
		</dict>
		<key>CB93E0521CBD6F50008EF094</key>
		<dict>
			<key>fileEncoding</key>
			<string>4</string>
			<key>isa</key>
			<string>PBXFileReference</string>
			<key>lastKnownFileType</key>
			<string>sourcecode.c.objc</string>
			<key>path</key>
			<string>SentryRequest.m</string>
			<key>sourceTree</key>
			<string>&lt;group&gt;</string>
		</dict>
		<key>CB93E0531CBD6F50008EF094</key>
		<dict>
			<key>fileRef</key>
			<string>CB93E04B1CBD6F50008EF094</string>
			<key>isa</key>
			<string>PBXBuildFile</string>
			<key>settings</key>
			<dict>
				<key>ATTRIBUTES</key>
				<array>
					<string>Private</string>
				</array>
			</dict>
		</dict>
		<key>CB93E0541CBD6F50008EF094</key>
		<dict>
			<key>fileRef</key>
			<string>CB93E04B1CBD6F50008EF094</string>
			<key>isa</key>
			<string>PBXBuildFile</string>
			<key>settings</key>
			<dict>
				<key>ATTRIBUTES</key>
				<array>
					<string>Private</string>
				</array>
			</dict>
		</dict>
		<key>CB93E0551CBD6F50008EF094</key>
		<dict>
			<key>fileRef</key>
			<string>CB93E04B1CBD6F50008EF094</string>
			<key>isa</key>
			<string>PBXBuildFile</string>
			<key>settings</key>
			<dict>
				<key>ATTRIBUTES</key>
				<array>
					<string>Private</string>
				</array>
			</dict>
		</dict>
		<key>CB93E0561CBD6F50008EF094</key>
		<dict>
			<key>fileRef</key>
			<string>CB93E04C1CBD6F50008EF094</string>
			<key>isa</key>
			<string>PBXBuildFile</string>
		</dict>
		<key>CB93E0571CBD6F50008EF094</key>
		<dict>
			<key>fileRef</key>
			<string>CB93E04C1CBD6F50008EF094</string>
			<key>isa</key>
			<string>PBXBuildFile</string>
		</dict>
		<key>CB93E0581CBD6F50008EF094</key>
		<dict>
			<key>fileRef</key>
			<string>CB93E04C1CBD6F50008EF094</string>
			<key>isa</key>
			<string>PBXBuildFile</string>
		</dict>
		<key>CB93E0591CBD6F50008EF094</key>
		<dict>
			<key>fileRef</key>
			<string>CB93E04D1CBD6F50008EF094</string>
			<key>isa</key>
			<string>PBXBuildFile</string>
			<key>settings</key>
			<dict>
				<key>ATTRIBUTES</key>
				<array>
					<string>Private</string>
				</array>
			</dict>
		</dict>
		<key>CB93E05A1CBD6F50008EF094</key>
		<dict>
			<key>fileRef</key>
			<string>CB93E04D1CBD6F50008EF094</string>
			<key>isa</key>
			<string>PBXBuildFile</string>
			<key>settings</key>
			<dict>
				<key>ATTRIBUTES</key>
				<array>
					<string>Private</string>
				</array>
			</dict>
		</dict>
		<key>CB93E05B1CBD6F50008EF094</key>
		<dict>
			<key>fileRef</key>
			<string>CB93E04D1CBD6F50008EF094</string>
			<key>isa</key>
			<string>PBXBuildFile</string>
			<key>settings</key>
			<dict>
				<key>ATTRIBUTES</key>
				<array>
					<string>Private</string>
				</array>
			</dict>
		</dict>
		<key>CB93E05C1CBD6F50008EF094</key>
		<dict>
			<key>fileRef</key>
			<string>CB93E04E1CBD6F50008EF094</string>
			<key>isa</key>
			<string>PBXBuildFile</string>
		</dict>
		<key>CB93E05D1CBD6F50008EF094</key>
		<dict>
			<key>fileRef</key>
			<string>CB93E04E1CBD6F50008EF094</string>
			<key>isa</key>
			<string>PBXBuildFile</string>
		</dict>
		<key>CB93E05E1CBD6F50008EF094</key>
		<dict>
			<key>fileRef</key>
			<string>CB93E04E1CBD6F50008EF094</string>
			<key>isa</key>
			<string>PBXBuildFile</string>
		</dict>
		<key>CB93E05F1CBD6F50008EF094</key>
		<dict>
			<key>fileRef</key>
			<string>CB93E04F1CBD6F50008EF094</string>
			<key>isa</key>
			<string>PBXBuildFile</string>
			<key>settings</key>
			<dict>
				<key>ATTRIBUTES</key>
				<array>
					<string>Public</string>
				</array>
			</dict>
		</dict>
		<key>CB93E0601CBD6F50008EF094</key>
		<dict>
			<key>fileRef</key>
			<string>CB93E04F1CBD6F50008EF094</string>
			<key>isa</key>
			<string>PBXBuildFile</string>
			<key>settings</key>
			<dict>
				<key>ATTRIBUTES</key>
				<array>
					<string>Public</string>
				</array>
			</dict>
		</dict>
		<key>CB93E0611CBD6F50008EF094</key>
		<dict>
			<key>fileRef</key>
			<string>CB93E04F1CBD6F50008EF094</string>
			<key>isa</key>
			<string>PBXBuildFile</string>
			<key>settings</key>
			<dict>
				<key>ATTRIBUTES</key>
				<array>
					<string>Public</string>
				</array>
			</dict>
		</dict>
		<key>CB93E0621CBD6F50008EF094</key>
		<dict>
			<key>fileRef</key>
			<string>CB93E0501CBD6F50008EF094</string>
			<key>isa</key>
			<string>PBXBuildFile</string>
		</dict>
		<key>CB93E0631CBD6F50008EF094</key>
		<dict>
			<key>fileRef</key>
			<string>CB93E0501CBD6F50008EF094</string>
			<key>isa</key>
			<string>PBXBuildFile</string>
		</dict>
		<key>CB93E0641CBD6F50008EF094</key>
		<dict>
			<key>fileRef</key>
			<string>CB93E0501CBD6F50008EF094</string>
			<key>isa</key>
			<string>PBXBuildFile</string>
		</dict>
		<key>CB93E0651CBD6F50008EF094</key>
		<dict>
			<key>fileRef</key>
			<string>CB93E0511CBD6F50008EF094</string>
			<key>isa</key>
			<string>PBXBuildFile</string>
			<key>settings</key>
			<dict>
				<key>ATTRIBUTES</key>
				<array>
					<string>Private</string>
				</array>
			</dict>
		</dict>
		<key>CB93E0661CBD6F50008EF094</key>
		<dict>
			<key>fileRef</key>
			<string>CB93E0511CBD6F50008EF094</string>
			<key>isa</key>
			<string>PBXBuildFile</string>
			<key>settings</key>
			<dict>
				<key>ATTRIBUTES</key>
				<array>
					<string>Private</string>
				</array>
			</dict>
		</dict>
		<key>CB93E0671CBD6F50008EF094</key>
		<dict>
			<key>fileRef</key>
			<string>CB93E0511CBD6F50008EF094</string>
			<key>isa</key>
			<string>PBXBuildFile</string>
			<key>settings</key>
			<dict>
				<key>ATTRIBUTES</key>
				<array>
					<string>Private</string>
				</array>
			</dict>
		</dict>
		<key>CB93E0681CBD6F50008EF094</key>
		<dict>
			<key>fileRef</key>
			<string>CB93E0521CBD6F50008EF094</string>
			<key>isa</key>
			<string>PBXBuildFile</string>
		</dict>
		<key>CB93E0691CBD6F50008EF094</key>
		<dict>
			<key>fileRef</key>
			<string>CB93E0521CBD6F50008EF094</string>
			<key>isa</key>
			<string>PBXBuildFile</string>
		</dict>
		<key>CB93E06A1CBD6F50008EF094</key>
		<dict>
			<key>fileRef</key>
			<string>CB93E0521CBD6F50008EF094</string>
			<key>isa</key>
			<string>PBXBuildFile</string>
		</dict>
		<key>CE06E1775F416D307E5DEECA</key>
		<dict>
			<key>includeInIndex</key>
			<string>1</string>
			<key>isa</key>
			<string>PBXFileReference</string>
			<key>lastKnownFileType</key>
			<string>text.xcconfig</string>
			<key>name</key>
			<string>Pods-SentryIOS.release.xcconfig</string>
			<key>path</key>
			<string>Pods/Target Support Files/Pods-SentryIOS/Pods-SentryIOS.release.xcconfig</string>
			<key>sourceTree</key>
			<string>&lt;group&gt;</string>
		</dict>
		<key>CE4AA77BD3E93508D4D97764</key>
		<dict>
			<key>children</key>
			<array>
				<string>6DC2DFA594BCC2512F0EC6F0</string>
				<string>CE06E1775F416D307E5DEECA</string>
				<string>5122B9D7057B086F6ACC7BB2</string>
				<string>6C392FA6EC9C497138AE1036</string>
				<string>9E595B4E7021A7C1EDCB57D8</string>
				<string>7FA2268C041FB4828F7FFCD5</string>
			</array>
			<key>isa</key>
			<string>PBXGroup</string>
			<key>name</key>
			<string>Pods</string>
			<key>sourceTree</key>
			<string>&lt;group&gt;</string>
		</dict>
		<key>F541F19DB41D31FBCE48B269</key>
		<dict>
			<key>buildActionMask</key>
			<string>2147483647</string>
			<key>files</key>
			<array/>
			<key>inputPaths</key>
			<array/>
			<key>isa</key>
			<string>PBXShellScriptBuildPhase</string>
			<key>name</key>
			<string>Check Pods Manifest.lock</string>
			<key>outputPaths</key>
			<array/>
			<key>runOnlyForDeploymentPostprocessing</key>
			<string>0</string>
			<key>shellPath</key>
			<string>/bin/sh</string>
			<key>shellScript</key>
			<string>diff "${PODS_ROOT}/../Podfile.lock" "${PODS_ROOT}/Manifest.lock" &gt; /dev/null
if [[ $? != 0 ]] ; then
    cat &lt;&lt; EOM
error: The sandbox is not in sync with the Podfile.lock. Run 'pod install' or update your CocoaPods installation.
EOM
    exit 1
fi
</string>
			<key>showEnvVarsInLog</key>
			<string>0</string>
		</dict>
		<key>FF11A6A9908EB1A8DC3CE6B0</key>
		<dict>
			<key>children</key>
			<array>
				<string>352B93D3AECDC959C7A54591</string>
				<string>7588C6E9BAC4B0DEE2411335</string>
				<string>5FD6145E36CC2776880356DF</string>
			</array>
			<key>isa</key>
			<string>PBXGroup</string>
			<key>name</key>
			<string>Frameworks</string>
			<key>sourceTree</key>
			<string>&lt;group&gt;</string>
		</dict>
	</dict>
	<key>rootObject</key>
	<string>CB93E00F1CBD6EAA008EF094</string>
</dict>
</plist>
